
Microsoft Visual Studio Solution File, Format Version 12.00
# Visual Studio Version 17
VisualStudioVersion = 17.7.34031.279
MinimumVisualStudioVersion = 10.0.40219.1
Project("{2150E333-8FDC-42A3-9474-1A3956D46DE8}") = "1.Layer", "1.Layer", "{4FB51F63-E233-4B52-A7F6-165F6568DEF9}"
EndProject
Project("{2150E333-8FDC-42A3-9474-1A3956D46DE8}") = "1.1-Presentation", "1.1-Presentation", "{B9C89431-3B3E-4E84-997E-339501A1FCA7}"
EndProject
Project("{2150E333-8FDC-42A3-9474-1A3956D46DE8}") = "1.2-Aplication", "1.2-Aplication", "{877D757A-39C9-438E-8B1A-03A654239B1D}"
EndProject
Project("{2150E333-8FDC-42A3-9474-1A3956D46DE8}") = "1.3-DistributedServises", "1.3-DistributedServises", "{F4E4545E-7973-4864-BC0E-E3615CA019AB}"
EndProject
Project("{2150E333-8FDC-42A3-9474-1A3956D46DE8}") = "1.4-Infraestructure", "1.4-Infraestructure", "{5AB2F53F-B26A-409B-BC70-EFE25D6C84F8}"
EndProject
Project("{2150E333-8FDC-42A3-9474-1A3956D46DE8}") = "1.5-Domain", "1.5-Domain", "{29408EBF-65E3-4682-B88A-18D8ABE5D897}"
EndProject
Project("{FAE04EC0-301F-11D3-BF4B-00C04F79EFBC}") = "Aplication", "Aplication\Aplication.csproj", "{E3F61A9C-6543-411C-86C7-A4C4FFE0BEED}"
EndProject
Project("{FAE04EC0-301F-11D3-BF4B-00C04F79EFBC}") = "DistributedServises", "DistributedServises\DistributedServises.csproj", "{2B571DFB-B73D-430B-8F6A-F4DBCB20E93F}"
EndProject
Project("{FAE04EC0-301F-11D3-BF4B-00C04F79EFBC}") = "Infraestructure", "Infraestructure\Infraestructure.csproj", "{D96D4EF8-2471-42C6-BA93-3BAF538B13A6}"
EndProject
Project("{FAE04EC0-301F-11D3-BF4B-00C04F79EFBC}") = "Domain", "Domain\Domain.csproj", "{2A200B7A-EA16-4E1C-9752-96CBA4D0D214}"
EndProject
Project("{2150E333-8FDC-42A3-9474-1A3956D46DE8}") = "1.1.1-Services", "1.1.1-Services", "{E58C16A3-3D92-47E9-A38E-16C3E6A2C1AB}"
EndProject
Project("{FAE04EC0-301F-11D3-BF4B-00C04F79EFBC}") = "Services", "Services\Services.csproj", "{85D6A018-80C8-40AF-81CC-280C390935AA}"
EndProject
Project("{2150E333-8FDC-42A3-9474-1A3956D46DE8}") = "Controllers", "Controllers", "{F956229A-4149-41BF-A76A-E7D3A6E20C0D}"
EndProject
Project("{FAE04EC0-301F-11D3-BF4B-00C04F79EFBC}") = "CategoriesController", "CategoriesController\CategoriesController.csproj", "{2C0B03FC-C656-4535-83CF-29D95C940115}"
EndProject
Global
	GlobalSection(SolutionConfigurationPlatforms) = preSolution
		Debug|Any CPU = Debug|Any CPU
		Release|Any CPU = Release|Any CPU
	EndGlobalSection
	GlobalSection(ProjectConfigurationPlatforms) = postSolution
		{E3F61A9C-6543-411C-86C7-A4C4FFE0BEED}.Debug|Any CPU.ActiveCfg = Debug|Any CPU
		{E3F61A9C-6543-411C-86C7-A4C4FFE0BEED}.Debug|Any CPU.Build.0 = Debug|Any CPU
		{E3F61A9C-6543-411C-86C7-A4C4FFE0BEED}.Release|Any CPU.ActiveCfg = Release|Any CPU
		{E3F61A9C-6543-411C-86C7-A4C4FFE0BEED}.Release|Any CPU.Build.0 = Release|Any CPU
		{2B571DFB-B73D-430B-8F6A-F4DBCB20E93F}.Debug|Any CPU.ActiveCfg = Debug|Any CPU
		{2B571DFB-B73D-430B-8F6A-F4DBCB20E93F}.Debug|Any CPU.Build.0 = Debug|Any CPU
		{2B571DFB-B73D-430B-8F6A-F4DBCB20E93F}.Release|Any CPU.ActiveCfg = Release|Any CPU
		{2B571DFB-B73D-430B-8F6A-F4DBCB20E93F}.Release|Any CPU.Build.0 = Release|Any CPU
		{D96D4EF8-2471-42C6-BA93-3BAF538B13A6}.Debug|Any CPU.ActiveCfg = Debug|Any CPU
		{D96D4EF8-2471-42C6-BA93-3BAF538B13A6}.Debug|Any CPU.Build.0 = Debug|Any CPU
		{D96D4EF8-2471-42C6-BA93-3BAF538B13A6}.Release|Any CPU.ActiveCfg = Release|Any CPU
		{D96D4EF8-2471-42C6-BA93-3BAF538B13A6}.Release|Any CPU.Build.0 = Release|Any CPU
		{2A200B7A-EA16-4E1C-9752-96CBA4D0D214}.Debug|Any CPU.ActiveCfg = Debug|Any CPU
		{2A200B7A-EA16-4E1C-9752-96CBA4D0D214}.Debug|Any CPU.Build.0 = Debug|Any CPU
		{2A200B7A-EA16-4E1C-9752-96CBA4D0D214}.Release|Any CPU.ActiveCfg = Release|Any CPU
		{2A200B7A-EA16-4E1C-9752-96CBA4D0D214}.Release|Any CPU.Build.0 = Release|Any CPU
		{85D6A018-80C8-40AF-81CC-280C390935AA}.Debug|Any CPU.ActiveCfg = Debug|Any CPU
		{85D6A018-80C8-40AF-81CC-280C390935AA}.Debug|Any CPU.Build.0 = Debug|Any CPU
		{85D6A018-80C8-40AF-81CC-280C390935AA}.Release|Any CPU.ActiveCfg = Release|Any CPU
		{85D6A018-80C8-40AF-81CC-280C390935AA}.Release|Any CPU.Build.0 = Release|Any CPU
		{2C0B03FC-C656-4535-83CF-29D95C940115}.Debug|Any CPU.ActiveCfg = Debug|Any CPU
		{2C0B03FC-C656-4535-83CF-29D95C940115}.Debug|Any CPU.Build.0 = Debug|Any CPU
		{2C0B03FC-C656-4535-83CF-29D95C940115}.Release|Any CPU.ActiveCfg = Release|Any CPU
		{2C0B03FC-C656-4535-83CF-29D95C940115}.Release|Any CPU.Build.0 = Release|Any CPU
	EndGlobalSection
	GlobalSection(SolutionProperties) = preSolution
		HideSolutionNode = FALSE
	EndGlobalSection
	GlobalSection(NestedProjects) = preSolution
		{B9C89431-3B3E-4E84-997E-339501A1FCA7} = {4FB51F63-E233-4B52-A7F6-165F6568DEF9}
		{877D757A-39C9-438E-8B1A-03A654239B1D} = {4FB51F63-E233-4B52-A7F6-165F6568DEF9}
		{F4E4545E-7973-4864-BC0E-E3615CA019AB} = {4FB51F63-E233-4B52-A7F6-165F6568DEF9}
		{5AB2F53F-B26A-409B-BC70-EFE25D6C84F8} = {4FB51F63-E233-4B52-A7F6-165F6568DEF9}
		{29408EBF-65E3-4682-B88A-18D8ABE5D897} = {4FB51F63-E233-4B52-A7F6-165F6568DEF9}
		{E3F61A9C-6543-411C-86C7-A4C4FFE0BEED} = {877D757A-39C9-438E-8B1A-03A654239B1D}
		{2B571DFB-B73D-430B-8F6A-F4DBCB20E93F} = {F4E4545E-7973-4864-BC0E-E3615CA019AB}
		{D96D4EF8-2471-42C6-BA93-3BAF538B13A6} = {5AB2F53F-B26A-409B-BC70-EFE25D6C84F8}
		{2A200B7A-EA16-4E1C-9752-96CBA4D0D214} = {29408EBF-65E3-4682-B88A-18D8ABE5D897}
		{E58C16A3-3D92-47E9-A38E-16C3E6A2C1AB} = {B9C89431-3B3E-4E84-997E-339501A1FCA7}
		{85D6A018-80C8-40AF-81CC-280C390935AA} = {E58C16A3-3D92-47E9-A38E-16C3E6A2C1AB}
		{F956229A-4149-41BF-A76A-E7D3A6E20C0D} = {B9C89431-3B3E-4E84-997E-339501A1FCA7}
		{2C0B03FC-C656-4535-83CF-29D95C940115} = {F956229A-4149-41BF-A76A-E7D3A6E20C0D}
	EndGlobalSection
	GlobalSection(ExtensibilityGlobals) = postSolution
		SolutionGuid = {4E200C1A-B347-4860-B1A8-3D26CB56E9D2}
	EndGlobalSection
EndGlobal
